
Microsoft Visual Studio Solution File, Format Version 12.00
# Visual Studio Version 17
VisualStudioVersion = 17.5.33516.290
MinimumVisualStudioVersion = 10.0.40219.1
Project("{FAE04EC0-301F-11D3-BF4B-00C04F79EFBC}") = "Kütüphane", "Kütüphane\Kütüphane.csproj", "{5D26BE26-AAD2-461B-B104-1D6C68E392E2}"
EndProject
Global
	GlobalSection(SolutionConfigurationPlatforms) = preSolution
		Debug|Any CPU = Debug|Any CPU
		Release|Any CPU = Release|Any CPU
	EndGlobalSection
	GlobalSection(ProjectConfigurationPlatforms) = postSolution
		{5D26BE26-AAD2-461B-B104-1D6C68E392E2}.Debug|Any CPU.ActiveCfg = Debug|Any CPU
		{5D26BE26-AAD2-461B-B104-1D6C68E392E2}.Debug|Any CPU.Build.0 = Debug|Any CPU
		{5D26BE26-AAD2-461B-B104-1D6C68E392E2}.Release|Any CPU.ActiveCfg = Release|Any CPU
		{5D26BE26-AAD2-461B-B104-1D6C68E392E2}.Release|Any CPU.Build.0 = Release|Any CPU
	EndGlobalSection
	GlobalSection(SolutionProperties) = preSolution
		HideSolutionNode = FALSE
	EndGlobalSection
	GlobalSection(ExtensibilityGlobals) = postSolution
		SolutionGuid = {7D1C5822-A0F8-42FB-8BE2-612B1A7B8CD8}
	EndGlobalSection
EndGlobal
